// !$*UTF8*$!
{
	archiveVersion = 1;
	classes = {
	};
	objectVersion = 55;
	objects = {

/* Begin PBXBuildFile section */
		AC156D2928A4398D00F6DFA1 /* AuthorizationModels.swift in Sources */ = {isa = PBXBuildFile; fileRef = AC156D2828A4398D00F6DFA1 /* AuthorizationModels.swift */; };
		AC2F6903288AF6DA007D78E0 /* SignUpView.swift in Sources */ = {isa = PBXBuildFile; fileRef = AC2F6902288AF6DA007D78E0 /* SignUpView.swift */; };
		AC2F6905288B0635007D78E0 /* CircleImageView.swift in Sources */ = {isa = PBXBuildFile; fileRef = AC2F6904288B0635007D78E0 /* CircleImageView.swift */; };
		AC2F6908288B0687007D78E0 /* CustomTextField.swift in Sources */ = {isa = PBXBuildFile; fileRef = AC2F6907288B0687007D78E0 /* CustomTextField.swift */; };
		AC2F690A288B0727007D78E0 /* SingInView.swift in Sources */ = {isa = PBXBuildFile; fileRef = AC2F6909288B0727007D78E0 /* SingInView.swift */; };
		AC2F690C288B2A9A007D78E0 /* ForgotPasswordView.swift in Sources */ = {isa = PBXBuildFile; fileRef = AC2F690B288B2A9A007D78E0 /* ForgotPasswordView.swift */; };
		AC2F6910288B2D2E007D78E0 /* HeaderAndDescription.swift in Sources */ = {isa = PBXBuildFile; fileRef = AC2F690F288B2D2E007D78E0 /* HeaderAndDescription.swift */; };
		AC2F6914288B31F5007D78E0 /* CustomButtons.swift in Sources */ = {isa = PBXBuildFile; fileRef = AC2F6913288B31F5007D78E0 /* CustomButtons.swift */; };
		AC2F6916288B4409007D78E0 /* ResetPasswordView.swift in Sources */ = {isa = PBXBuildFile; fileRef = AC2F6915288B4409007D78E0 /* ResetPasswordView.swift */; };
		AC2F6918288B49E2007D78E0 /* SuccessfulView.swift in Sources */ = {isa = PBXBuildFile; fileRef = AC2F6917288B49E2007D78E0 /* SuccessfulView.swift */; };
		AC39BC3728B177A4001FB8D8 /* NetworkErrors.swift in Sources */ = {isa = PBXBuildFile; fileRef = AC39BC3628B177A4001FB8D8 /* NetworkErrors.swift */; };
		AC49149128A6EEC90030E852 /* SIgnInViewModel.swift in Sources */ = {isa = PBXBuildFile; fileRef = AC49149028A6EEC90030E852 /* SIgnInViewModel.swift */; };
		AC49149528A6EEF80030E852 /* NetworkManager.swift in Sources */ = {isa = PBXBuildFile; fileRef = AC49149428A6EEF80030E852 /* NetworkManager.swift */; };
		AC49149A28AA8ECC0030E852 /* WebServiceModel.swift in Sources */ = {isa = PBXBuildFile; fileRef = AC49149928AA8ECC0030E852 /* WebServiceModel.swift */; };
		AC49149C28AAE5350030E852 /* NetworkProtocol.swift in Sources */ = {isa = PBXBuildFile; fileRef = AC49149B28AAE5350030E852 /* NetworkProtocol.swift */; };
		AC4EF8B2289001AD0087E2FA /* CreateTaskView.swift in Sources */ = {isa = PBXBuildFile; fileRef = AC4EF8B1289001AD0087E2FA /* CreateTaskView.swift */; };
		AC4EF8B428900CB10087E2FA /* BackButton.swift in Sources */ = {isa = PBXBuildFile; fileRef = AC4EF8B328900CB10087E2FA /* BackButton.swift */; };
		AC5E2E9E289310CA005B48BD /* ViewTask.swift in Sources */ = {isa = PBXBuildFile; fileRef = AC5E2E9D289310CA005B48BD /* ViewTask.swift */; };
		AC5E2EA22893234A005B48BD /* CommentsView.swift in Sources */ = {isa = PBXBuildFile; fileRef = AC5E2EA12893234A005B48BD /* CommentsView.swift */; };
		AC5E2EA428932E18005B48BD /* SideView.swift in Sources */ = {isa = PBXBuildFile; fileRef = AC5E2EA328932E18005B48BD /* SideView.swift */; };
		AC66016A2892D232005A7B02 /* Header.swift in Sources */ = {isa = PBXBuildFile; fileRef = AC6601692892D232005A7B02 /* Header.swift */; };
		AC66016F2892D370005A7B02 /* TextAndTextfield.swift in Sources */ = {isa = PBXBuildFile; fileRef = AC66016E2892D370005A7B02 /* TextAndTextfield.swift */; };
		AC6601712892D5B6005A7B02 /* SearchUserView.swift in Sources */ = {isa = PBXBuildFile; fileRef = AC6601702892D5B6005A7B02 /* SearchUserView.swift */; };
		AC676BC6288EBE7F001DDE34 /* ProfileView.swift in Sources */ = {isa = PBXBuildFile; fileRef = AC676BBF288EBE7F001DDE34 /* ProfileView.swift */; };
		AC676BC7288EBE7F001DDE34 /* QuickView.swift in Sources */ = {isa = PBXBuildFile; fileRef = AC676BC0288EBE7F001DDE34 /* QuickView.swift */; };
		AC676BC8288EBE7F001DDE34 /* MyTaskView.swift in Sources */ = {isa = PBXBuildFile; fileRef = AC676BC1288EBE7F001DDE34 /* MyTaskView.swift */; };
		AC676BC9288EBE7F001DDE34 /* MenuView.swift in Sources */ = {isa = PBXBuildFile; fileRef = AC676BC2288EBE7F001DDE34 /* MenuView.swift */; };
		AC676BCA288EBE7F001DDE34 /* CustomTabBarView.swift in Sources */ = {isa = PBXBuildFile; fileRef = AC676BC3288EBE7F001DDE34 /* CustomTabBarView.swift */; };
		AC676BCB288EBE7F001DDE34 /* CustomPicker.swift in Sources */ = {isa = PBXBuildFile; fileRef = AC676BC4288EBE7F001DDE34 /* CustomPicker.swift */; };
		AC676BCC288EBE7F001DDE34 /* ViewRouter.swift in Sources */ = {isa = PBXBuildFile; fileRef = AC676BC5288EBE7F001DDE34 /* ViewRouter.swift */; };
		AC7714D928856C6B00A0C804 /* ToDoListApp.swift in Sources */ = {isa = PBXBuildFile; fileRef = AC7714D828856C6B00A0C804 /* ToDoListApp.swift */; };
		AC7714DB28856C6B00A0C804 /* ContentView.swift in Sources */ = {isa = PBXBuildFile; fileRef = AC7714DA28856C6B00A0C804 /* ContentView.swift */; };
		AC7714DD28856C6D00A0C804 /* Assets.xcassets in Resources */ = {isa = PBXBuildFile; fileRef = AC7714DC28856C6D00A0C804 /* Assets.xcassets */; };
		AC7714E028856C6D00A0C804 /* Preview Assets.xcassets in Resources */ = {isa = PBXBuildFile; fileRef = AC7714DF28856C6D00A0C804 /* Preview Assets.xcassets */; };
		AC7714E228856C6D00A0C804 /* Persistence.swift in Sources */ = {isa = PBXBuildFile; fileRef = AC7714E128856C6D00A0C804 /* Persistence.swift */; };
		AC7714E528856C6D00A0C804 /* ToDoList.xcdatamodeld in Sources */ = {isa = PBXBuildFile; fileRef = AC7714E328856C6D00A0C804 /* ToDoList.xcdatamodeld */; };
		AC7714EF28856C6D00A0C804 /* ToDoListTests.swift in Sources */ = {isa = PBXBuildFile; fileRef = AC7714EE28856C6D00A0C804 /* ToDoListTests.swift */; };
		AC7714F928856C6D00A0C804 /* ToDoListUITests.swift in Sources */ = {isa = PBXBuildFile; fileRef = AC7714F828856C6D00A0C804 /* ToDoListUITests.swift */; };
		AC7714FB28856C6D00A0C804 /* ToDoListUITestsLaunchTests.swift in Sources */ = {isa = PBXBuildFile; fileRef = AC7714FA28856C6D00A0C804 /* ToDoListUITestsLaunchTests.swift */; };
		AC77150A28857E9B00A0C804 /* LogoView.swift in Sources */ = {isa = PBXBuildFile; fileRef = AC77150928857E9B00A0C804 /* LogoView.swift */; };
		AC771513288589A100A0C804 /* Font+Extension.swift in Sources */ = {isa = PBXBuildFile; fileRef = AC771512288589A100A0C804 /* Font+Extension.swift */; };
		AC77151528858C4400A0C804 /* CoreDataExample.swift in Sources */ = {isa = PBXBuildFile; fileRef = AC77151428858C4400A0C804 /* CoreDataExample.swift */; };
		AC77151828858EC400A0C804 /* Color+Extension.swift in Sources */ = {isa = PBXBuildFile; fileRef = AC77151728858EC300A0C804 /* Color+Extension.swift */; };
		AC771526288591EE00A0C804 /* Roboto-Black.ttf in Resources */ = {isa = PBXBuildFile; fileRef = AC771523288591AB00A0C804 /* Roboto-Black.ttf */; };
		AC771527288591F100A0C804 /* Roboto-BlackItalic.ttf in Resources */ = {isa = PBXBuildFile; fileRef = AC771522288591AB00A0C804 /* Roboto-BlackItalic.ttf */; };
		AC771528288591F400A0C804 /* Roboto-BoldItalic.ttf in Resources */ = {isa = PBXBuildFile; fileRef = AC77151A288591AB00A0C804 /* Roboto-BoldItalic.ttf */; };
		AC771529288591F700A0C804 /* Roboto-Bold.ttf in Resources */ = {isa = PBXBuildFile; fileRef = AC77151B288591AB00A0C804 /* Roboto-Bold.ttf */; };
		AC77152A288591FA00A0C804 /* Roboto-Italic.ttf in Resources */ = {isa = PBXBuildFile; fileRef = AC77151F288591AB00A0C804 /* Roboto-Italic.ttf */; };
		AC77152B288591FC00A0C804 /* Roboto-Light.ttf in Resources */ = {isa = PBXBuildFile; fileRef = AC77151C288591AB00A0C804 /* Roboto-Light.ttf */; };
		AC77152C288591FF00A0C804 /* Roboto-LightItalic.ttf in Resources */ = {isa = PBXBuildFile; fileRef = AC771524288591AC00A0C804 /* Roboto-LightItalic.ttf */; };
		AC77152D2885921D00A0C804 /* Roboto-Medium.ttf in Resources */ = {isa = PBXBuildFile; fileRef = AC77151D288591AB00A0C804 /* Roboto-Medium.ttf */; };
		AC77152E2885922000A0C804 /* Roboto-MediumItalic.ttf in Resources */ = {isa = PBXBuildFile; fileRef = AC771521288591AB00A0C804 /* Roboto-MediumItalic.ttf */; };
		AC77152F2885922300A0C804 /* Roboto-Regular.ttf in Resources */ = {isa = PBXBuildFile; fileRef = AC771520288591AB00A0C804 /* Roboto-Regular.ttf */; };
		AC7715302885922600A0C804 /* Roboto-Thin.ttf in Resources */ = {isa = PBXBuildFile; fileRef = AC77151E288591AB00A0C804 /* Roboto-Thin.ttf */; };
		AC7715312885922800A0C804 /* Roboto-ThinItalic.ttf in Resources */ = {isa = PBXBuildFile; fileRef = AC771525288591AC00A0C804 /* Roboto-ThinItalic.ttf */; };
		AC7715362885964E00A0C804 /* Constants.swift in Sources */ = {isa = PBXBuildFile; fileRef = AC7715352885964E00A0C804 /* Constants.swift */; };
		AC7715392885985F00A0C804 /* CustomButtonStyles.swift in Sources */ = {isa = PBXBuildFile; fileRef = AC7715382885985F00A0C804 /* CustomButtonStyles.swift */; };
		AC925B80289848450098892A /* CreateNote.swift in Sources */ = {isa = PBXBuildFile; fileRef = AC925B7F289848450098892A /* CreateNote.swift */; };
		AC925B82289855CE0098892A /* ChooseColor.swift in Sources */ = {isa = PBXBuildFile; fileRef = AC925B81289855CE0098892A /* ChooseColor.swift */; };
		AC925B842898594F0098892A /* ColorButton.swift in Sources */ = {isa = PBXBuildFile; fileRef = AC925B832898594F0098892A /* ColorButton.swift */; };
		ACD0537528887CF900F7FF1D /* OnboardingView.swift in Sources */ = {isa = PBXBuildFile; fileRef = ACD0537428887CF900F7FF1D /* OnboardingView.swift */; };
		ACD6C562288F14F90033D732 /* CreateView.swift in Sources */ = {isa = PBXBuildFile; fileRef = ACD6C561288F14F90033D732 /* CreateView.swift */; };
		ACD8F67828A2514E009A4A6E /* CustomSecureTextField.swift in Sources */ = {isa = PBXBuildFile; fileRef = ACD8F67728A2514E009A4A6E /* CustomSecureTextField.swift */; };
		ACF8371E28AD2C3D00ED78B1 /* SingInService.swift in Sources */ = {isa = PBXBuildFile; fileRef = ACF8371D28AD2C3D00ED78B1 /* SingInService.swift */; };
/* End PBXBuildFile section */

/* Begin PBXContainerItemProxy section */
		AC7714EB28856C6D00A0C804 /* PBXContainerItemProxy */ = {
			isa = PBXContainerItemProxy;
			containerPortal = AC7714CD28856C6B00A0C804 /* Project object */;
			proxyType = 1;
			remoteGlobalIDString = AC7714D428856C6B00A0C804;
			remoteInfo = ToDoList;
		};
		AC7714F528856C6D00A0C804 /* PBXContainerItemProxy */ = {
			isa = PBXContainerItemProxy;
			containerPortal = AC7714CD28856C6B00A0C804 /* Project object */;
			proxyType = 1;
			remoteGlobalIDString = AC7714D428856C6B00A0C804;
			remoteInfo = ToDoList;
		};
/* End PBXContainerItemProxy section */

/* Begin PBXFileReference section */
		AC156D2828A4398D00F6DFA1 /* AuthorizationModels.swift */ = {isa = PBXFileReference; lastKnownFileType = sourcecode.swift; path = AuthorizationModels.swift; sourceTree = "<group>"; };
		AC2F6902288AF6DA007D78E0 /* SignUpView.swift */ = {isa = PBXFileReference; lastKnownFileType = sourcecode.swift; path = SignUpView.swift; sourceTree = "<group>"; };
		AC2F6904288B0635007D78E0 /* CircleImageView.swift */ = {isa = PBXFileReference; lastKnownFileType = sourcecode.swift; path = CircleImageView.swift; sourceTree = "<group>"; };
		AC2F6907288B0687007D78E0 /* CustomTextField.swift */ = {isa = PBXFileReference; lastKnownFileType = sourcecode.swift; path = CustomTextField.swift; sourceTree = "<group>"; };
		AC2F6909288B0727007D78E0 /* SingInView.swift */ = {isa = PBXFileReference; lastKnownFileType = sourcecode.swift; path = SingInView.swift; sourceTree = "<group>"; };
		AC2F690B288B2A9A007D78E0 /* ForgotPasswordView.swift */ = {isa = PBXFileReference; lastKnownFileType = sourcecode.swift; path = ForgotPasswordView.swift; sourceTree = "<group>"; };
		AC2F690F288B2D2E007D78E0 /* HeaderAndDescription.swift */ = {isa = PBXFileReference; lastKnownFileType = sourcecode.swift; path = HeaderAndDescription.swift; sourceTree = "<group>"; };
		AC2F6913288B31F5007D78E0 /* CustomButtons.swift */ = {isa = PBXFileReference; lastKnownFileType = sourcecode.swift; path = CustomButtons.swift; sourceTree = "<group>"; };
		AC2F6915288B4409007D78E0 /* ResetPasswordView.swift */ = {isa = PBXFileReference; lastKnownFileType = sourcecode.swift; path = ResetPasswordView.swift; sourceTree = "<group>"; };
		AC2F6917288B49E2007D78E0 /* SuccessfulView.swift */ = {isa = PBXFileReference; lastKnownFileType = sourcecode.swift; path = SuccessfulView.swift; sourceTree = "<group>"; };
		AC39BC3628B177A4001FB8D8 /* NetworkErrors.swift */ = {isa = PBXFileReference; lastKnownFileType = sourcecode.swift; path = NetworkErrors.swift; sourceTree = "<group>"; };
		AC49149028A6EEC90030E852 /* SIgnInViewModel.swift */ = {isa = PBXFileReference; lastKnownFileType = sourcecode.swift; path = SIgnInViewModel.swift; sourceTree = "<group>"; };
		AC49149428A6EEF80030E852 /* NetworkManager.swift */ = {isa = PBXFileReference; lastKnownFileType = sourcecode.swift; path = NetworkManager.swift; sourceTree = "<group>"; };
		AC49149928AA8ECC0030E852 /* WebServiceModel.swift */ = {isa = PBXFileReference; lastKnownFileType = sourcecode.swift; path = WebServiceModel.swift; sourceTree = "<group>"; };
		AC49149B28AAE5350030E852 /* NetworkProtocol.swift */ = {isa = PBXFileReference; lastKnownFileType = sourcecode.swift; path = NetworkProtocol.swift; sourceTree = "<group>"; };
		AC4EF8B1289001AD0087E2FA /* CreateTaskView.swift */ = {isa = PBXFileReference; lastKnownFileType = sourcecode.swift; path = CreateTaskView.swift; sourceTree = "<group>"; };
		AC4EF8B328900CB10087E2FA /* BackButton.swift */ = {isa = PBXFileReference; fileEncoding = 4; lastKnownFileType = sourcecode.swift; path = BackButton.swift; sourceTree = "<group>"; };
		AC5E2E9D289310CA005B48BD /* ViewTask.swift */ = {isa = PBXFileReference; lastKnownFileType = sourcecode.swift; path = ViewTask.swift; sourceTree = "<group>"; };
		AC5E2EA12893234A005B48BD /* CommentsView.swift */ = {isa = PBXFileReference; lastKnownFileType = sourcecode.swift; path = CommentsView.swift; sourceTree = "<group>"; };
		AC5E2EA328932E18005B48BD /* SideView.swift */ = {isa = PBXFileReference; lastKnownFileType = sourcecode.swift; path = SideView.swift; sourceTree = "<group>"; };
		AC6601692892D232005A7B02 /* Header.swift */ = {isa = PBXFileReference; lastKnownFileType = sourcecode.swift; path = Header.swift; sourceTree = "<group>"; };
		AC66016E2892D370005A7B02 /* TextAndTextfield.swift */ = {isa = PBXFileReference; lastKnownFileType = sourcecode.swift; path = TextAndTextfield.swift; sourceTree = "<group>"; };
		AC6601702892D5B6005A7B02 /* SearchUserView.swift */ = {isa = PBXFileReference; lastKnownFileType = sourcecode.swift; path = SearchUserView.swift; sourceTree = "<group>"; };
		AC676BBF288EBE7F001DDE34 /* ProfileView.swift */ = {isa = PBXFileReference; fileEncoding = 4; lastKnownFileType = sourcecode.swift; path = ProfileView.swift; sourceTree = "<group>"; };
		AC676BC0288EBE7F001DDE34 /* QuickView.swift */ = {isa = PBXFileReference; fileEncoding = 4; lastKnownFileType = sourcecode.swift; path = QuickView.swift; sourceTree = "<group>"; };
		AC676BC1288EBE7F001DDE34 /* MyTaskView.swift */ = {isa = PBXFileReference; fileEncoding = 4; lastKnownFileType = sourcecode.swift; path = MyTaskView.swift; sourceTree = "<group>"; };
		AC676BC2288EBE7F001DDE34 /* MenuView.swift */ = {isa = PBXFileReference; fileEncoding = 4; lastKnownFileType = sourcecode.swift; path = MenuView.swift; sourceTree = "<group>"; };
		AC676BC3288EBE7F001DDE34 /* CustomTabBarView.swift */ = {isa = PBXFileReference; fileEncoding = 4; lastKnownFileType = sourcecode.swift; path = CustomTabBarView.swift; sourceTree = "<group>"; };
		AC676BC4288EBE7F001DDE34 /* CustomPicker.swift */ = {isa = PBXFileReference; fileEncoding = 4; lastKnownFileType = sourcecode.swift; path = CustomPicker.swift; sourceTree = "<group>"; };
		AC676BC5288EBE7F001DDE34 /* ViewRouter.swift */ = {isa = PBXFileReference; fileEncoding = 4; lastKnownFileType = sourcecode.swift; path = ViewRouter.swift; sourceTree = "<group>"; };
		AC7714D528856C6B00A0C804 /* ToDoList.app */ = {isa = PBXFileReference; explicitFileType = wrapper.application; includeInIndex = 0; path = ToDoList.app; sourceTree = BUILT_PRODUCTS_DIR; };
		AC7714D828856C6B00A0C804 /* ToDoListApp.swift */ = {isa = PBXFileReference; lastKnownFileType = sourcecode.swift; path = ToDoListApp.swift; sourceTree = "<group>"; };
		AC7714DA28856C6B00A0C804 /* ContentView.swift */ = {isa = PBXFileReference; lastKnownFileType = sourcecode.swift; path = ContentView.swift; sourceTree = "<group>"; };
		AC7714DC28856C6D00A0C804 /* Assets.xcassets */ = {isa = PBXFileReference; lastKnownFileType = folder.assetcatalog; path = Assets.xcassets; sourceTree = "<group>"; };
		AC7714DF28856C6D00A0C804 /* Preview Assets.xcassets */ = {isa = PBXFileReference; lastKnownFileType = folder.assetcatalog; path = "Preview Assets.xcassets"; sourceTree = "<group>"; };
		AC7714E128856C6D00A0C804 /* Persistence.swift */ = {isa = PBXFileReference; lastKnownFileType = sourcecode.swift; path = Persistence.swift; sourceTree = "<group>"; };
		AC7714E428856C6D00A0C804 /* ToDoList.xcdatamodel */ = {isa = PBXFileReference; lastKnownFileType = wrapper.xcdatamodel; path = ToDoList.xcdatamodel; sourceTree = "<group>"; };
		AC7714EA28856C6D00A0C804 /* ToDoListTests.xctest */ = {isa = PBXFileReference; explicitFileType = wrapper.cfbundle; includeInIndex = 0; path = ToDoListTests.xctest; sourceTree = BUILT_PRODUCTS_DIR; };
		AC7714EE28856C6D00A0C804 /* ToDoListTests.swift */ = {isa = PBXFileReference; lastKnownFileType = sourcecode.swift; path = ToDoListTests.swift; sourceTree = "<group>"; };
		AC7714F428856C6D00A0C804 /* ToDoListUITests.xctest */ = {isa = PBXFileReference; explicitFileType = wrapper.cfbundle; includeInIndex = 0; path = ToDoListUITests.xctest; sourceTree = BUILT_PRODUCTS_DIR; };
		AC7714F828856C6D00A0C804 /* ToDoListUITests.swift */ = {isa = PBXFileReference; lastKnownFileType = sourcecode.swift; path = ToDoListUITests.swift; sourceTree = "<group>"; };
		AC7714FA28856C6D00A0C804 /* ToDoListUITestsLaunchTests.swift */ = {isa = PBXFileReference; lastKnownFileType = sourcecode.swift; path = ToDoListUITestsLaunchTests.swift; sourceTree = "<group>"; };
		AC77150928857E9B00A0C804 /* LogoView.swift */ = {isa = PBXFileReference; lastKnownFileType = sourcecode.swift; path = LogoView.swift; sourceTree = "<group>"; };
		AC771512288589A100A0C804 /* Font+Extension.swift */ = {isa = PBXFileReference; lastKnownFileType = sourcecode.swift; path = "Font+Extension.swift"; sourceTree = "<group>"; };
		AC77151428858C4400A0C804 /* CoreDataExample.swift */ = {isa = PBXFileReference; lastKnownFileType = sourcecode.swift; path = CoreDataExample.swift; sourceTree = "<group>"; };
		AC77151728858EC300A0C804 /* Color+Extension.swift */ = {isa = PBXFileReference; lastKnownFileType = sourcecode.swift; path = "Color+Extension.swift"; sourceTree = "<group>"; };
		AC77151A288591AB00A0C804 /* Roboto-BoldItalic.ttf */ = {isa = PBXFileReference; lastKnownFileType = file; path = "Roboto-BoldItalic.ttf"; sourceTree = "<group>"; };
		AC77151B288591AB00A0C804 /* Roboto-Bold.ttf */ = {isa = PBXFileReference; lastKnownFileType = file; path = "Roboto-Bold.ttf"; sourceTree = "<group>"; };
		AC77151C288591AB00A0C804 /* Roboto-Light.ttf */ = {isa = PBXFileReference; lastKnownFileType = file; path = "Roboto-Light.ttf"; sourceTree = "<group>"; };
		AC77151D288591AB00A0C804 /* Roboto-Medium.ttf */ = {isa = PBXFileReference; lastKnownFileType = file; path = "Roboto-Medium.ttf"; sourceTree = "<group>"; };
		AC77151E288591AB00A0C804 /* Roboto-Thin.ttf */ = {isa = PBXFileReference; lastKnownFileType = file; path = "Roboto-Thin.ttf"; sourceTree = "<group>"; };
		AC77151F288591AB00A0C804 /* Roboto-Italic.ttf */ = {isa = PBXFileReference; lastKnownFileType = file; path = "Roboto-Italic.ttf"; sourceTree = "<group>"; };
		AC771520288591AB00A0C804 /* Roboto-Regular.ttf */ = {isa = PBXFileReference; lastKnownFileType = file; path = "Roboto-Regular.ttf"; sourceTree = "<group>"; };
		AC771521288591AB00A0C804 /* Roboto-MediumItalic.ttf */ = {isa = PBXFileReference; lastKnownFileType = file; path = "Roboto-MediumItalic.ttf"; sourceTree = "<group>"; };
		AC771522288591AB00A0C804 /* Roboto-BlackItalic.ttf */ = {isa = PBXFileReference; lastKnownFileType = file; path = "Roboto-BlackItalic.ttf"; sourceTree = "<group>"; };
		AC771523288591AB00A0C804 /* Roboto-Black.ttf */ = {isa = PBXFileReference; lastKnownFileType = file; path = "Roboto-Black.ttf"; sourceTree = "<group>"; };
		AC771524288591AC00A0C804 /* Roboto-LightItalic.ttf */ = {isa = PBXFileReference; lastKnownFileType = file; path = "Roboto-LightItalic.ttf"; sourceTree = "<group>"; };
		AC771525288591AC00A0C804 /* Roboto-ThinItalic.ttf */ = {isa = PBXFileReference; lastKnownFileType = file; path = "Roboto-ThinItalic.ttf"; sourceTree = "<group>"; };
		AC7715352885964E00A0C804 /* Constants.swift */ = {isa = PBXFileReference; lastKnownFileType = sourcecode.swift; path = Constants.swift; sourceTree = "<group>"; };
		AC7715382885985F00A0C804 /* CustomButtonStyles.swift */ = {isa = PBXFileReference; lastKnownFileType = sourcecode.swift; path = CustomButtonStyles.swift; sourceTree = "<group>"; };
		AC77153A28859C4600A0C804 /* Info.plist */ = {isa = PBXFileReference; lastKnownFileType = text.plist; path = Info.plist; sourceTree = "<group>"; };
		AC925B7F289848450098892A /* CreateNote.swift */ = {isa = PBXFileReference; lastKnownFileType = sourcecode.swift; path = CreateNote.swift; sourceTree = "<group>"; };
		AC925B81289855CE0098892A /* ChooseColor.swift */ = {isa = PBXFileReference; lastKnownFileType = sourcecode.swift; path = ChooseColor.swift; sourceTree = "<group>"; };
		AC925B832898594F0098892A /* ColorButton.swift */ = {isa = PBXFileReference; lastKnownFileType = sourcecode.swift; path = ColorButton.swift; sourceTree = "<group>"; };
		ACD0537428887CF900F7FF1D /* OnboardingView.swift */ = {isa = PBXFileReference; lastKnownFileType = sourcecode.swift; path = OnboardingView.swift; sourceTree = "<group>"; };
		ACD6C561288F14F90033D732 /* CreateView.swift */ = {isa = PBXFileReference; lastKnownFileType = sourcecode.swift; path = CreateView.swift; sourceTree = "<group>"; };
		ACD8F67728A2514E009A4A6E /* CustomSecureTextField.swift */ = {isa = PBXFileReference; lastKnownFileType = sourcecode.swift; path = CustomSecureTextField.swift; sourceTree = "<group>"; };
		ACF8371D28AD2C3D00ED78B1 /* SingInService.swift */ = {isa = PBXFileReference; lastKnownFileType = sourcecode.swift; path = SingInService.swift; sourceTree = "<group>"; };
/* End PBXFileReference section */

/* Begin PBXFrameworksBuildPhase section */
		AC7714D228856C6B00A0C804 /* Frameworks */ = {
			isa = PBXFrameworksBuildPhase;
			buildActionMask = 2147483647;
			files = (
			);
			runOnlyForDeploymentPostprocessing = 0;
		};
		AC7714E728856C6D00A0C804 /* Frameworks */ = {
			isa = PBXFrameworksBuildPhase;
			buildActionMask = 2147483647;
			files = (
			);
			runOnlyForDeploymentPostprocessing = 0;
		};
		AC7714F128856C6D00A0C804 /* Frameworks */ = {
			isa = PBXFrameworksBuildPhase;
			buildActionMask = 2147483647;
			files = (
			);
			runOnlyForDeploymentPostprocessing = 0;
		};
/* End PBXFrameworksBuildPhase section */

/* Begin PBXGroup section */
		AC2F6901288AF6C3007D78E0 /* Authorization */ = {
			isa = PBXGroup;
			children = (
				AC2F6902288AF6DA007D78E0 /* SignUpView.swift */,
				AC2F6909288B0727007D78E0 /* SingInView.swift */,
				AC2F690B288B2A9A007D78E0 /* ForgotPasswordView.swift */,
				AC2F6915288B4409007D78E0 /* ResetPasswordView.swift */,
				AC2F6917288B49E2007D78E0 /* SuccessfulView.swift */,
			);
			path = Authorization;
			sourceTree = "<group>";
		};
		AC49148F28A6EEA40030E852 /* Services */ = {
			isa = PBXGroup;
			children = (
				ACF8371D28AD2C3D00ED78B1 /* SingInService.swift */,
			);
			path = Services;
			sourceTree = "<group>";
		};
		AC66016D2892D31E005A7B02 /* Create */ = {
			isa = PBXGroup;
			children = (
				AC6601692892D232005A7B02 /* Header.swift */,
				AC66016E2892D370005A7B02 /* TextAndTextfield.swift */,
				AC925B81289855CE0098892A /* ChooseColor.swift */,
				AC925B832898594F0098892A /* ColorButton.swift */,
			);
			path = Create;
			sourceTree = "<group>";
		};
		AC676BBD288EBE7F001DDE34 /* MainScreen */ = {
			isa = PBXGroup;
			children = (
				AC676BC3288EBE7F001DDE34 /* CustomTabBarView.swift */,
				AC676BC4288EBE7F001DDE34 /* CustomPicker.swift */,
				AC676BC5288EBE7F001DDE34 /* ViewRouter.swift */,
				ACD6C560288F14D30033D732 /* Create */,
				AC676BBE288EBE7F001DDE34 /* TabViews */,
			);
			path = MainScreen;
			sourceTree = "<group>";
		};
		AC676BBE288EBE7F001DDE34 /* TabViews */ = {
			isa = PBXGroup;
			children = (
				AC676BBF288EBE7F001DDE34 /* ProfileView.swift */,
				AC676BC0288EBE7F001DDE34 /* QuickView.swift */,
				AC676BC1288EBE7F001DDE34 /* MyTaskView.swift */,
				AC676BC2288EBE7F001DDE34 /* MenuView.swift */,
			);
			path = TabViews;
			sourceTree = "<group>";
		};
		AC7714CC28856C6B00A0C804 = {
			isa = PBXGroup;
			children = (
				AC7714D728856C6B00A0C804 /* ToDoList */,
				AC7714ED28856C6D00A0C804 /* ToDoListTests */,
				AC7714F728856C6D00A0C804 /* ToDoListUITests */,
				AC7714D628856C6B00A0C804 /* Products */,
			);
			sourceTree = "<group>";
		};
		AC7714D628856C6B00A0C804 /* Products */ = {
			isa = PBXGroup;
			children = (
				AC7714D528856C6B00A0C804 /* ToDoList.app */,
				AC7714EA28856C6D00A0C804 /* ToDoListTests.xctest */,
				AC7714F428856C6D00A0C804 /* ToDoListUITests.xctest */,
			);
			name = Products;
			sourceTree = "<group>";
		};
		AC7714D728856C6B00A0C804 /* ToDoList */ = {
			isa = PBXGroup;
			children = (
				AC7714D828856C6B00A0C804 /* ToDoListApp.swift */,
				AC7714DA28856C6B00A0C804 /* ContentView.swift */,
				ACD8F67628A24F7C009A4A6E /* Network */,
				ACD8F67928A27F88009A4A6E /* Models */,
				ACD8F67A28A27F9F009A4A6E /* ViewModels */,
				AC77150728856CB200A0C804 /* Views */,
				AC7715112885898E00A0C804 /* Extentions */,
				AC7715332885957400A0C804 /* Resources */,
				AC77153A28859C4600A0C804 /* Info.plist */,
				AC7714DC28856C6D00A0C804 /* Assets.xcassets */,
				AC7714E128856C6D00A0C804 /* Persistence.swift */,
				AC77151428858C4400A0C804 /* CoreDataExample.swift */,
				AC7714E328856C6D00A0C804 /* ToDoList.xcdatamodeld */,
				AC7714DE28856C6D00A0C804 /* Preview Content */,
			);
			path = ToDoList;
			sourceTree = "<group>";
		};
		AC7714DE28856C6D00A0C804 /* Preview Content */ = {
			isa = PBXGroup;
			children = (
				AC7714DF28856C6D00A0C804 /* Preview Assets.xcassets */,
			);
			path = "Preview Content";
			sourceTree = "<group>";
		};
		AC7714ED28856C6D00A0C804 /* ToDoListTests */ = {
			isa = PBXGroup;
			children = (
				AC7714EE28856C6D00A0C804 /* ToDoListTests.swift */,
			);
			path = ToDoListTests;
			sourceTree = "<group>";
		};
		AC7714F728856C6D00A0C804 /* ToDoListUITests */ = {
			isa = PBXGroup;
			children = (
				AC7714F828856C6D00A0C804 /* ToDoListUITests.swift */,
				AC7714FA28856C6D00A0C804 /* ToDoListUITestsLaunchTests.swift */,
			);
			path = ToDoListUITests;
			sourceTree = "<group>";
		};
		AC77150728856CB200A0C804 /* Views */ = {
			isa = PBXGroup;
			children = (
				AC77150828857E4A00A0C804 /* Onboarding */,
				AC2F6901288AF6C3007D78E0 /* Authorization */,
				AC676BBD288EBE7F001DDE34 /* MainScreen */,
				AC7715372885984900A0C804 /* Helpers */,
			);
			path = Views;
			sourceTree = "<group>";
		};
		AC77150828857E4A00A0C804 /* Onboarding */ = {
			isa = PBXGroup;
			children = (
				AC77150928857E9B00A0C804 /* LogoView.swift */,
				ACD0537428887CF900F7FF1D /* OnboardingView.swift */,
			);
			path = Onboarding;
			sourceTree = "<group>";
		};
		AC7715112885898E00A0C804 /* Extentions */ = {
			isa = PBXGroup;
			children = (
				AC771512288589A100A0C804 /* Font+Extension.swift */,
				AC77151728858EC300A0C804 /* Color+Extension.swift */,
			);
			path = Extentions;
			sourceTree = "<group>";
		};
		AC7715192885919C00A0C804 /* Font */ = {
			isa = PBXGroup;
			children = (
				AC771523288591AB00A0C804 /* Roboto-Black.ttf */,
				AC771522288591AB00A0C804 /* Roboto-BlackItalic.ttf */,
				AC77151B288591AB00A0C804 /* Roboto-Bold.ttf */,
				AC77151A288591AB00A0C804 /* Roboto-BoldItalic.ttf */,
				AC77151F288591AB00A0C804 /* Roboto-Italic.ttf */,
				AC77151C288591AB00A0C804 /* Roboto-Light.ttf */,
				AC771524288591AC00A0C804 /* Roboto-LightItalic.ttf */,
				AC77151D288591AB00A0C804 /* Roboto-Medium.ttf */,
				AC771521288591AB00A0C804 /* Roboto-MediumItalic.ttf */,
				AC771520288591AB00A0C804 /* Roboto-Regular.ttf */,
				AC77151E288591AB00A0C804 /* Roboto-Thin.ttf */,
				AC771525288591AC00A0C804 /* Roboto-ThinItalic.ttf */,
			);
			path = Font;
			sourceTree = "<group>";
		};
		AC7715332885957400A0C804 /* Resources */ = {
			isa = PBXGroup;
			children = (
				AC7715342885963E00A0C804 /* Constants */,
				AC7715192885919C00A0C804 /* Font */,
			);
			path = Resources;
			sourceTree = "<group>";
		};
		AC7715342885963E00A0C804 /* Constants */ = {
			isa = PBXGroup;
			children = (
				AC7715352885964E00A0C804 /* Constants.swift */,
			);
			path = Constants;
			sourceTree = "<group>";
		};
		AC7715372885984900A0C804 /* Helpers */ = {
			isa = PBXGroup;
			children = (
				AC2F6913288B31F5007D78E0 /* CustomButtons.swift */,
				AC7715382885985F00A0C804 /* CustomButtonStyles.swift */,
				AC4EF8B328900CB10087E2FA /* BackButton.swift */,
				AC2F6904288B0635007D78E0 /* CircleImageView.swift */,
				AC2F6907288B0687007D78E0 /* CustomTextField.swift */,
				ACD8F67728A2514E009A4A6E /* CustomSecureTextField.swift */,
				AC2F690F288B2D2E007D78E0 /* HeaderAndDescription.swift */,
				AC66016D2892D31E005A7B02 /* Create */,
			);
			path = Helpers;
			sourceTree = "<group>";
		};
		AC925B7D289848080098892A /* Add Task */ = {
			isa = PBXGroup;
			children = (
				AC4EF8B1289001AD0087E2FA /* CreateTaskView.swift */,
				AC6601702892D5B6005A7B02 /* SearchUserView.swift */,
				AC5E2E9D289310CA005B48BD /* ViewTask.swift */,
				AC5E2EA12893234A005B48BD /* CommentsView.swift */,
				AC5E2EA328932E18005B48BD /* SideView.swift */,
			);
			path = "Add Task";
			sourceTree = "<group>";
		};
		AC925B7E289848130098892A /* Add Note */ = {
			isa = PBXGroup;
			children = (
				AC925B7F289848450098892A /* CreateNote.swift */,
			);
			path = "Add Note";
			sourceTree = "<group>";
		};
		ACD6C560288F14D30033D732 /* Create */ = {
			isa = PBXGroup;
			children = (
				ACD6C561288F14F90033D732 /* CreateView.swift */,
				AC925B7D289848080098892A /* Add Task */,
				AC925B7E289848130098892A /* Add Note */,
			);
			path = Create;
			sourceTree = "<group>";
		};
		ACD8F67628A24F7C009A4A6E /* Network */ = {
			isa = PBXGroup;
			children = (
				AC49149428A6EEF80030E852 /* NetworkManager.swift */,
				AC49149B28AAE5350030E852 /* NetworkProtocol.swift */,
				AC39BC3628B177A4001FB8D8 /* NetworkErrors.swift */,
				AC49148F28A6EEA40030E852 /* Services */,
			);
			path = Network;
			sourceTree = "<group>";
		};
		ACD8F67928A27F88009A4A6E /* Models */ = {
			isa = PBXGroup;
			children = (
				AC156D2828A4398D00F6DFA1 /* AuthorizationModels.swift */,
				AC49149928AA8ECC0030E852 /* WebServiceModel.swift */,
			);
			path = Models;
			sourceTree = "<group>";
		};
		ACD8F67A28A27F9F009A4A6E /* ViewModels */ = {
			isa = PBXGroup;
			children = (
				AC49149028A6EEC90030E852 /* SIgnInViewModel.swift */,
			);
			path = ViewModels;
			sourceTree = "<group>";
		};
/* End PBXGroup section */

/* Begin PBXNativeTarget section */
		AC7714D428856C6B00A0C804 /* ToDoList */ = {
			isa = PBXNativeTarget;
			buildConfigurationList = AC7714FE28856C6D00A0C804 /* Build configuration list for PBXNativeTarget "ToDoList" */;
			buildPhases = (
				AC7714D128856C6B00A0C804 /* Sources */,
				AC7714D228856C6B00A0C804 /* Frameworks */,
				AC7714D328856C6B00A0C804 /* Resources */,
			);
			buildRules = (
			);
			dependencies = (
			);
			name = ToDoList;
			productName = ToDoList;
			productReference = AC7714D528856C6B00A0C804 /* ToDoList.app */;
			productType = "com.apple.product-type.application";
		};
		AC7714E928856C6D00A0C804 /* ToDoListTests */ = {
			isa = PBXNativeTarget;
			buildConfigurationList = AC77150128856C6D00A0C804 /* Build configuration list for PBXNativeTarget "ToDoListTests" */;
			buildPhases = (
				AC7714E628856C6D00A0C804 /* Sources */,
				AC7714E728856C6D00A0C804 /* Frameworks */,
				AC7714E828856C6D00A0C804 /* Resources */,
			);
			buildRules = (
			);
			dependencies = (
				AC7714EC28856C6D00A0C804 /* PBXTargetDependency */,
			);
			name = ToDoListTests;
			productName = ToDoListTests;
			productReference = AC7714EA28856C6D00A0C804 /* ToDoListTests.xctest */;
			productType = "com.apple.product-type.bundle.unit-test";
		};
		AC7714F328856C6D00A0C804 /* ToDoListUITests */ = {
			isa = PBXNativeTarget;
			buildConfigurationList = AC77150428856C6D00A0C804 /* Build configuration list for PBXNativeTarget "ToDoListUITests" */;
			buildPhases = (
				AC7714F028856C6D00A0C804 /* Sources */,
				AC7714F128856C6D00A0C804 /* Frameworks */,
				AC7714F228856C6D00A0C804 /* Resources */,
			);
			buildRules = (
			);
			dependencies = (
				AC7714F628856C6D00A0C804 /* PBXTargetDependency */,
			);
			name = ToDoListUITests;
			productName = ToDoListUITests;
			productReference = AC7714F428856C6D00A0C804 /* ToDoListUITests.xctest */;
			productType = "com.apple.product-type.bundle.ui-testing";
		};
/* End PBXNativeTarget section */

/* Begin PBXProject section */
		AC7714CD28856C6B00A0C804 /* Project object */ = {
			isa = PBXProject;
			attributes = {
				BuildIndependentTargetsInParallel = 1;
				LastSwiftUpdateCheck = 1340;
				LastUpgradeCheck = 1340;
				TargetAttributes = {
					AC7714D428856C6B00A0C804 = {
						CreatedOnToolsVersion = 13.4.1;
					};
					AC7714E928856C6D00A0C804 = {
						CreatedOnToolsVersion = 13.4.1;
						TestTargetID = AC7714D428856C6B00A0C804;
					};
					AC7714F328856C6D00A0C804 = {
						CreatedOnToolsVersion = 13.4.1;
						TestTargetID = AC7714D428856C6B00A0C804;
					};
				};
			};
			buildConfigurationList = AC7714D028856C6B00A0C804 /* Build configuration list for PBXProject "ToDoList" */;
			compatibilityVersion = "Xcode 13.0";
			developmentRegion = en;
			hasScannedForEncodings = 0;
			knownRegions = (
				en,
				Base,
			);
			mainGroup = AC7714CC28856C6B00A0C804;
			productRefGroup = AC7714D628856C6B00A0C804 /* Products */;
			projectDirPath = "";
			projectRoot = "";
			targets = (
				AC7714D428856C6B00A0C804 /* ToDoList */,
				AC7714E928856C6D00A0C804 /* ToDoListTests */,
				AC7714F328856C6D00A0C804 /* ToDoListUITests */,
			);
		};
/* End PBXProject section */

/* Begin PBXResourcesBuildPhase section */
		AC7714D328856C6B00A0C804 /* Resources */ = {
			isa = PBXResourcesBuildPhase;
			buildActionMask = 2147483647;
			files = (
				AC77152D2885921D00A0C804 /* Roboto-Medium.ttf in Resources */,
				AC7714E028856C6D00A0C804 /* Preview Assets.xcassets in Resources */,
				AC7714DD28856C6D00A0C804 /* Assets.xcassets in Resources */,
				AC771529288591F700A0C804 /* Roboto-Bold.ttf in Resources */,
				AC771526288591EE00A0C804 /* Roboto-Black.ttf in Resources */,
				AC77152A288591FA00A0C804 /* Roboto-Italic.ttf in Resources */,
				AC77152F2885922300A0C804 /* Roboto-Regular.ttf in Resources */,
				AC77152C288591FF00A0C804 /* Roboto-LightItalic.ttf in Resources */,
				AC771528288591F400A0C804 /* Roboto-BoldItalic.ttf in Resources */,
				AC77152B288591FC00A0C804 /* Roboto-Light.ttf in Resources */,
				AC7715312885922800A0C804 /* Roboto-ThinItalic.ttf in Resources */,
				AC77152E2885922000A0C804 /* Roboto-MediumItalic.ttf in Resources */,
				AC7715302885922600A0C804 /* Roboto-Thin.ttf in Resources */,
				AC771527288591F100A0C804 /* Roboto-BlackItalic.ttf in Resources */,
			);
			runOnlyForDeploymentPostprocessing = 0;
		};
		AC7714E828856C6D00A0C804 /* Resources */ = {
			isa = PBXResourcesBuildPhase;
			buildActionMask = 2147483647;
			files = (
			);
			runOnlyForDeploymentPostprocessing = 0;
		};
		AC7714F228856C6D00A0C804 /* Resources */ = {
			isa = PBXResourcesBuildPhase;
			buildActionMask = 2147483647;
			files = (
			);
			runOnlyForDeploymentPostprocessing = 0;
		};
/* End PBXResourcesBuildPhase section */

/* Begin PBXSourcesBuildPhase section */
		AC7714D128856C6B00A0C804 /* Sources */ = {
			isa = PBXSourcesBuildPhase;
			buildActionMask = 2147483647;
			files = (
				AC2F6914288B31F5007D78E0 /* CustomButtons.swift in Sources */,
				AC49149128A6EEC90030E852 /* SIgnInViewModel.swift in Sources */,
				AC4EF8B2289001AD0087E2FA /* CreateTaskView.swift in Sources */,
				AC5E2EA22893234A005B48BD /* CommentsView.swift in Sources */,
				ACF8371E28AD2C3D00ED78B1 /* SingInService.swift in Sources */,
				AC66016A2892D232005A7B02 /* Header.swift in Sources */,
				AC39BC3728B177A4001FB8D8 /* NetworkErrors.swift in Sources */,
				AC77150A28857E9B00A0C804 /* LogoView.swift in Sources */,
				AC49149528A6EEF80030E852 /* NetworkManager.swift in Sources */,
				AC49149A28AA8ECC0030E852 /* WebServiceModel.swift in Sources */,
				AC7714E228856C6D00A0C804 /* Persistence.swift in Sources */,
				AC6601712892D5B6005A7B02 /* SearchUserView.swift in Sources */,
				AC925B842898594F0098892A /* ColorButton.swift in Sources */,
				AC2F6916288B4409007D78E0 /* ResetPasswordView.swift in Sources */,
				AC2F6908288B0687007D78E0 /* CustomTextField.swift in Sources */,
				AC5E2EA428932E18005B48BD /* SideView.swift in Sources */,
				ACD0537528887CF900F7FF1D /* OnboardingView.swift in Sources */,
				AC676BCC288EBE7F001DDE34 /* ViewRouter.swift in Sources */,
				AC7714DB28856C6B00A0C804 /* ContentView.swift in Sources */,
				AC2F6918288B49E2007D78E0 /* SuccessfulView.swift in Sources */,
				AC77151528858C4400A0C804 /* CoreDataExample.swift in Sources */,
				AC2F6905288B0635007D78E0 /* CircleImageView.swift in Sources */,
				AC49149C28AAE5350030E852 /* NetworkProtocol.swift in Sources */,
				AC676BC6288EBE7F001DDE34 /* ProfileView.swift in Sources */,
				AC771513288589A100A0C804 /* Font+Extension.swift in Sources */,
				AC4EF8B428900CB10087E2FA /* BackButton.swift in Sources */,
				AC5E2E9E289310CA005B48BD /* ViewTask.swift in Sources */,
				AC2F690A288B0727007D78E0 /* SingInView.swift in Sources */,
				AC676BC9288EBE7F001DDE34 /* MenuView.swift in Sources */,
				AC7714D928856C6B00A0C804 /* ToDoListApp.swift in Sources */,
				AC7714E528856C6D00A0C804 /* ToDoList.xcdatamodeld in Sources */,
				AC676BC8288EBE7F001DDE34 /* MyTaskView.swift in Sources */,
				ACD6C562288F14F90033D732 /* CreateView.swift in Sources */,
				AC676BCA288EBE7F001DDE34 /* CustomTabBarView.swift in Sources */,
				AC2F6910288B2D2E007D78E0 /* HeaderAndDescription.swift in Sources */,
				AC7715392885985F00A0C804 /* CustomButtonStyles.swift in Sources */,
				AC925B80289848450098892A /* CreateNote.swift in Sources */,
				AC77151828858EC400A0C804 /* Color+Extension.swift in Sources */,
				AC2F6903288AF6DA007D78E0 /* SignUpView.swift in Sources */,
				AC2F690C288B2A9A007D78E0 /* ForgotPasswordView.swift in Sources */,
				AC66016F2892D370005A7B02 /* TextAndTextfield.swift in Sources */,
				AC156D2928A4398D00F6DFA1 /* AuthorizationModels.swift in Sources */,
				ACD8F67828A2514E009A4A6E /* CustomSecureTextField.swift in Sources */,
				AC925B82289855CE0098892A /* ChooseColor.swift in Sources */,
				AC7715362885964E00A0C804 /* Constants.swift in Sources */,
				AC676BCB288EBE7F001DDE34 /* CustomPicker.swift in Sources */,
				AC676BC7288EBE7F001DDE34 /* QuickView.swift in Sources */,
			);
			runOnlyForDeploymentPostprocessing = 0;
		};
		AC7714E628856C6D00A0C804 /* Sources */ = {
			isa = PBXSourcesBuildPhase;
			buildActionMask = 2147483647;
			files = (
				AC7714EF28856C6D00A0C804 /* ToDoListTests.swift in Sources */,
			);
			runOnlyForDeploymentPostprocessing = 0;
		};
		AC7714F028856C6D00A0C804 /* Sources */ = {
			isa = PBXSourcesBuildPhase;
			buildActionMask = 2147483647;
			files = (
				AC7714FB28856C6D00A0C804 /* ToDoListUITestsLaunchTests.swift in Sources */,
				AC7714F928856C6D00A0C804 /* ToDoListUITests.swift in Sources */,
			);
			runOnlyForDeploymentPostprocessing = 0;
		};
/* End PBXSourcesBuildPhase section */

/* Begin PBXTargetDependency section */
		AC7714EC28856C6D00A0C804 /* PBXTargetDependency */ = {
			isa = PBXTargetDependency;
			target = AC7714D428856C6B00A0C804 /* ToDoList */;
			targetProxy = AC7714EB28856C6D00A0C804 /* PBXContainerItemProxy */;
		};
		AC7714F628856C6D00A0C804 /* PBXTargetDependency */ = {
			isa = PBXTargetDependency;
			target = AC7714D428856C6B00A0C804 /* ToDoList */;
			targetProxy = AC7714F528856C6D00A0C804 /* PBXContainerItemProxy */;
		};
/* End PBXTargetDependency section */

/* Begin XCBuildConfiguration section */
		AC7714FC28856C6D00A0C804 /* Debug */ = {
			isa = XCBuildConfiguration;
			buildSettings = {
				ALWAYS_SEARCH_USER_PATHS = NO;
				CLANG_ANALYZER_NONNULL = YES;
				CLANG_ANALYZER_NUMBER_OBJECT_CONVERSION = YES_AGGRESSIVE;
				CLANG_CXX_LANGUAGE_STANDARD = "gnu++17";
				CLANG_ENABLE_MODULES = YES;
				CLANG_ENABLE_OBJC_ARC = YES;
				CLANG_ENABLE_OBJC_WEAK = YES;
				CLANG_WARN_BLOCK_CAPTURE_AUTORELEASING = YES;
				CLANG_WARN_BOOL_CONVERSION = YES;
				CLANG_WARN_COMMA = YES;
				CLANG_WARN_CONSTANT_CONVERSION = YES;
				CLANG_WARN_DEPRECATED_OBJC_IMPLEMENTATIONS = YES;
				CLANG_WARN_DIRECT_OBJC_ISA_USAGE = YES_ERROR;
				CLANG_WARN_DOCUMENTATION_COMMENTS = YES;
				CLANG_WARN_EMPTY_BODY = YES;
				CLANG_WARN_ENUM_CONVERSION = YES;
				CLANG_WARN_INFINITE_RECURSION = YES;
				CLANG_WARN_INT_CONVERSION = YES;
				CLANG_WARN_NON_LITERAL_NULL_CONVERSION = YES;
				CLANG_WARN_OBJC_IMPLICIT_RETAIN_SELF = YES;
				CLANG_WARN_OBJC_LITERAL_CONVERSION = YES;
				CLANG_WARN_OBJC_ROOT_CLASS = YES_ERROR;
				CLANG_WARN_QUOTED_INCLUDE_IN_FRAMEWORK_HEADER = YES;
				CLANG_WARN_RANGE_LOOP_ANALYSIS = YES;
				CLANG_WARN_STRICT_PROTOTYPES = YES;
				CLANG_WARN_SUSPICIOUS_MOVE = YES;
				CLANG_WARN_UNGUARDED_AVAILABILITY = YES_AGGRESSIVE;
				CLANG_WARN_UNREACHABLE_CODE = YES;
				CLANG_WARN__DUPLICATE_METHOD_MATCH = YES;
				COPY_PHASE_STRIP = NO;
				DEBUG_INFORMATION_FORMAT = dwarf;
				ENABLE_STRICT_OBJC_MSGSEND = YES;
				ENABLE_TESTABILITY = YES;
				GCC_C_LANGUAGE_STANDARD = gnu11;
				GCC_DYNAMIC_NO_PIC = NO;
				GCC_NO_COMMON_BLOCKS = YES;
				GCC_OPTIMIZATION_LEVEL = 0;
				GCC_PREPROCESSOR_DEFINITIONS = (
					"DEBUG=1",
					"$(inherited)",
				);
				GCC_WARN_64_TO_32_BIT_CONVERSION = YES;
				GCC_WARN_ABOUT_RETURN_TYPE = YES_ERROR;
				GCC_WARN_UNDECLARED_SELECTOR = YES;
				GCC_WARN_UNINITIALIZED_AUTOS = YES_AGGRESSIVE;
				GCC_WARN_UNUSED_FUNCTION = YES;
				GCC_WARN_UNUSED_VARIABLE = YES;
				IPHONEOS_DEPLOYMENT_TARGET = 15.5;
				MTL_ENABLE_DEBUG_INFO = INCLUDE_SOURCE;
				MTL_FAST_MATH = YES;
				ONLY_ACTIVE_ARCH = YES;
				SDKROOT = iphoneos;
				SWIFT_ACTIVE_COMPILATION_CONDITIONS = DEBUG;
				SWIFT_OPTIMIZATION_LEVEL = "-Onone";
			};
			name = Debug;
		};
		AC7714FD28856C6D00A0C804 /* Release */ = {
			isa = XCBuildConfiguration;
			buildSettings = {
				ALWAYS_SEARCH_USER_PATHS = NO;
				CLANG_ANALYZER_NONNULL = YES;
				CLANG_ANALYZER_NUMBER_OBJECT_CONVERSION = YES_AGGRESSIVE;
				CLANG_CXX_LANGUAGE_STANDARD = "gnu++17";
				CLANG_ENABLE_MODULES = YES;
				CLANG_ENABLE_OBJC_ARC = YES;
				CLANG_ENABLE_OBJC_WEAK = YES;
				CLANG_WARN_BLOCK_CAPTURE_AUTORELEASING = YES;
				CLANG_WARN_BOOL_CONVERSION = YES;
				CLANG_WARN_COMMA = YES;
				CLANG_WARN_CONSTANT_CONVERSION = YES;
				CLANG_WARN_DEPRECATED_OBJC_IMPLEMENTATIONS = YES;
				CLANG_WARN_DIRECT_OBJC_ISA_USAGE = YES_ERROR;
				CLANG_WARN_DOCUMENTATION_COMMENTS = YES;
				CLANG_WARN_EMPTY_BODY = YES;
				CLANG_WARN_ENUM_CONVERSION = YES;
				CLANG_WARN_INFINITE_RECURSION = YES;
				CLANG_WARN_INT_CONVERSION = YES;
				CLANG_WARN_NON_LITERAL_NULL_CONVERSION = YES;
				CLANG_WARN_OBJC_IMPLICIT_RETAIN_SELF = YES;
				CLANG_WARN_OBJC_LITERAL_CONVERSION = YES;
				CLANG_WARN_OBJC_ROOT_CLASS = YES_ERROR;
				CLANG_WARN_QUOTED_INCLUDE_IN_FRAMEWORK_HEADER = YES;
				CLANG_WARN_RANGE_LOOP_ANALYSIS = YES;
				CLANG_WARN_STRICT_PROTOTYPES = YES;
				CLANG_WARN_SUSPICIOUS_MOVE = YES;
				CLANG_WARN_UNGUARDED_AVAILABILITY = YES_AGGRESSIVE;
				CLANG_WARN_UNREACHABLE_CODE = YES;
				CLANG_WARN__DUPLICATE_METHOD_MATCH = YES;
				COPY_PHASE_STRIP = NO;
				DEBUG_INFORMATION_FORMAT = "dwarf-with-dsym";
				ENABLE_NS_ASSERTIONS = NO;
				ENABLE_STRICT_OBJC_MSGSEND = YES;
				GCC_C_LANGUAGE_STANDARD = gnu11;
				GCC_NO_COMMON_BLOCKS = YES;
				GCC_WARN_64_TO_32_BIT_CONVERSION = YES;
				GCC_WARN_ABOUT_RETURN_TYPE = YES_ERROR;
				GCC_WARN_UNDECLARED_SELECTOR = YES;
				GCC_WARN_UNINITIALIZED_AUTOS = YES_AGGRESSIVE;
				GCC_WARN_UNUSED_FUNCTION = YES;
				GCC_WARN_UNUSED_VARIABLE = YES;
				IPHONEOS_DEPLOYMENT_TARGET = 15.5;
				MTL_ENABLE_DEBUG_INFO = NO;
				MTL_FAST_MATH = YES;
				SDKROOT = iphoneos;
				SWIFT_COMPILATION_MODE = wholemodule;
				SWIFT_OPTIMIZATION_LEVEL = "-O";
				VALIDATE_PRODUCT = YES;
			};
			name = Release;
		};
		AC7714FF28856C6D00A0C804 /* Debug */ = {
			isa = XCBuildConfiguration;
			buildSettings = {
				ASSETCATALOG_COMPILER_APPICON_NAME = AppIcon;
				ASSETCATALOG_COMPILER_GLOBAL_ACCENT_COLOR_NAME = AccentColor;
				CODE_SIGN_STYLE = Automatic;
				CURRENT_PROJECT_VERSION = 1;
				DEVELOPMENT_ASSET_PATHS = "\"ToDoList/Preview Content\"";
				DEVELOPMENT_TEAM = 7JY3Y4FUT9;
				ENABLE_PREVIEWS = YES;
				GENERATE_INFOPLIST_FILE = YES;
				INFOPLIST_FILE = ToDoList/Info.plist;
				INFOPLIST_KEY_CFBundleDisplayName = "";
				INFOPLIST_KEY_LSApplicationCategoryType = "";
				INFOPLIST_KEY_UIApplicationSceneManifest_Generation = YES;
				INFOPLIST_KEY_UIApplicationSupportsIndirectInputEvents = YES;
				INFOPLIST_KEY_UILaunchScreen_Generation = YES;
				INFOPLIST_KEY_UISupportedInterfaceOrientations = UIInterfaceOrientationPortrait;
				INFOPLIST_KEY_UISupportedInterfaceOrientations_iPad = "UIInterfaceOrientationPortrait UIInterfaceOrientationPortraitUpsideDown UIInterfaceOrientationLandscapeLeft UIInterfaceOrientationLandscapeRight";
				INFOPLIST_KEY_UISupportedInterfaceOrientations_iPhone = "UIInterfaceOrientationPortrait UIInterfaceOrientationLandscapeLeft UIInterfaceOrientationLandscapeRight";
				LD_RUNPATH_SEARCH_PATHS = (
					"$(inherited)",
					"@executable_path/Frameworks",
				);
				MARKETING_VERSION = 1.0;
				PRODUCT_BUNDLE_IDENTIFIER = com.pan.ToDoList;
				PRODUCT_NAME = "$(TARGET_NAME)";
				SWIFT_EMIT_LOC_STRINGS = YES;
				SWIFT_VERSION = 5.0;
				TARGETED_DEVICE_FAMILY = 1;
			};
			name = Debug;
		};
		AC77150028856C6D00A0C804 /* Release */ = {
			isa = XCBuildConfiguration;
			buildSettings = {
				ASSETCATALOG_COMPILER_APPICON_NAME = AppIcon;
				ASSETCATALOG_COMPILER_GLOBAL_ACCENT_COLOR_NAME = AccentColor;
				CODE_SIGN_STYLE = Automatic;
				CURRENT_PROJECT_VERSION = 1;
				DEVELOPMENT_ASSET_PATHS = "\"ToDoList/Preview Content\"";
				DEVELOPMENT_TEAM = 7JY3Y4FUT9;
				ENABLE_PREVIEWS = YES;
				GENERATE_INFOPLIST_FILE = YES;
				INFOPLIST_FILE = ToDoList/Info.plist;
				INFOPLIST_KEY_CFBundleDisplayName = "";
				INFOPLIST_KEY_LSApplicationCategoryType = "";
				INFOPLIST_KEY_UIApplicationSceneManifest_Generation = YES;
				INFOPLIST_KEY_UIApplicationSupportsIndirectInputEvents = YES;
				INFOPLIST_KEY_UILaunchScreen_Generation = YES;
				INFOPLIST_KEY_UISupportedInterfaceOrientations = UIInterfaceOrientationPortrait;
				INFOPLIST_KEY_UISupportedInterfaceOrientations_iPad = "UIInterfaceOrientationPortrait UIInterfaceOrientationPortraitUpsideDown UIInterfaceOrientationLandscapeLeft UIInterfaceOrientationLandscapeRight";
				INFOPLIST_KEY_UISupportedInterfaceOrientations_iPhone = "UIInterfaceOrientationPortrait UIInterfaceOrientationLandscapeLeft UIInterfaceOrientationLandscapeRight";
				LD_RUNPATH_SEARCH_PATHS = (
					"$(inherited)",
					"@executable_path/Frameworks",
				);
				MARKETING_VERSION = 1.0;
				PRODUCT_BUNDLE_IDENTIFIER = com.pan.ToDoList;
				PRODUCT_NAME = "$(TARGET_NAME)";
				SWIFT_EMIT_LOC_STRINGS = YES;
				SWIFT_VERSION = 5.0;
				TARGETED_DEVICE_FAMILY = 1;
			};
			name = Release;
		};
		AC77150228856C6D00A0C804 /* Debug */ = {
			isa = XCBuildConfiguration;
			buildSettings = {
				ALWAYS_EMBED_SWIFT_STANDARD_LIBRARIES = YES;
				BUNDLE_LOADER = "$(TEST_HOST)";
				CODE_SIGN_STYLE = Automatic;
				CURRENT_PROJECT_VERSION = 1;
				DEVELOPMENT_TEAM = 7JY3Y4FUT9;
				GENERATE_INFOPLIST_FILE = YES;
				IPHONEOS_DEPLOYMENT_TARGET = 15.5;
				MARKETING_VERSION = 1.0;
				PRODUCT_BUNDLE_IDENTIFIER = com.pan.ToDoListTests;
				PRODUCT_NAME = "$(TARGET_NAME)";
				SWIFT_EMIT_LOC_STRINGS = NO;
				SWIFT_VERSION = 5.0;
				TARGETED_DEVICE_FAMILY = "1,2";
				TEST_HOST = "$(BUILT_PRODUCTS_DIR)/ToDoList.app/ToDoList";
			};
			name = Debug;
		};
		AC77150328856C6D00A0C804 /* Release */ = {
			isa = XCBuildConfiguration;
			buildSettings = {
				ALWAYS_EMBED_SWIFT_STANDARD_LIBRARIES = YES;
				BUNDLE_LOADER = "$(TEST_HOST)";
				CODE_SIGN_STYLE = Automatic;
				CURRENT_PROJECT_VERSION = 1;
				DEVELOPMENT_TEAM = 7JY3Y4FUT9;
				GENERATE_INFOPLIST_FILE = YES;
				IPHONEOS_DEPLOYMENT_TARGET = 15.5;
				MARKETING_VERSION = 1.0;
				PRODUCT_BUNDLE_IDENTIFIER = com.pan.ToDoListTests;
				PRODUCT_NAME = "$(TARGET_NAME)";
				SWIFT_EMIT_LOC_STRINGS = NO;
				SWIFT_VERSION = 5.0;
				TARGETED_DEVICE_FAMILY = "1,2";
				TEST_HOST = "$(BUILT_PRODUCTS_DIR)/ToDoList.app/ToDoList";
			};
			name = Release;
		};
		AC77150528856C6D00A0C804 /* Debug */ = {
			isa = XCBuildConfiguration;
			buildSettings = {
				ALWAYS_EMBED_SWIFT_STANDARD_LIBRARIES = YES;
				CODE_SIGN_STYLE = Automatic;
				CURRENT_PROJECT_VERSION = 1;
				DEVELOPMENT_TEAM = 7JY3Y4FUT9;
				GENERATE_INFOPLIST_FILE = YES;
				MARKETING_VERSION = 1.0;
				PRODUCT_BUNDLE_IDENTIFIER = com.pan.ToDoListUITests;
				PRODUCT_NAME = "$(TARGET_NAME)";
				SWIFT_EMIT_LOC_STRINGS = NO;
				SWIFT_VERSION = 5.0;
				TARGETED_DEVICE_FAMILY = "1,2";
				TEST_TARGET_NAME = ToDoList;
			};
			name = Debug;
		};
		AC77150628856C6D00A0C804 /* Release */ = {
			isa = XCBuildConfiguration;
			buildSettings = {
				ALWAYS_EMBED_SWIFT_STANDARD_LIBRARIES = YES;
				CODE_SIGN_STYLE = Automatic;
				CURRENT_PROJECT_VERSION = 1;
				DEVELOPMENT_TEAM = 7JY3Y4FUT9;
				GENERATE_INFOPLIST_FILE = YES;
				MARKETING_VERSION = 1.0;
				PRODUCT_BUNDLE_IDENTIFIER = com.pan.ToDoListUITests;
				PRODUCT_NAME = "$(TARGET_NAME)";
				SWIFT_EMIT_LOC_STRINGS = NO;
				SWIFT_VERSION = 5.0;
				TARGETED_DEVICE_FAMILY = "1,2";
				TEST_TARGET_NAME = ToDoList;
			};
			name = Release;
		};
/* End XCBuildConfiguration section */

/* Begin XCConfigurationList section */
		AC7714D028856C6B00A0C804 /* Build configuration list for PBXProject "ToDoList" */ = {
			isa = XCConfigurationList;
			buildConfigurations = (
				AC7714FC28856C6D00A0C804 /* Debug */,
				AC7714FD28856C6D00A0C804 /* Release */,
			);
			defaultConfigurationIsVisible = 0;
			defaultConfigurationName = Release;
		};
		AC7714FE28856C6D00A0C804 /* Build configuration list for PBXNativeTarget "ToDoList" */ = {
			isa = XCConfigurationList;
			buildConfigurations = (
				AC7714FF28856C6D00A0C804 /* Debug */,
				AC77150028856C6D00A0C804 /* Release */,
			);
			defaultConfigurationIsVisible = 0;
			defaultConfigurationName = Release;
		};
		AC77150128856C6D00A0C804 /* Build configuration list for PBXNativeTarget "ToDoListTests" */ = {
			isa = XCConfigurationList;
			buildConfigurations = (
				AC77150228856C6D00A0C804 /* Debug */,
				AC77150328856C6D00A0C804 /* Release */,
			);
			defaultConfigurationIsVisible = 0;
			defaultConfigurationName = Release;
		};
		AC77150428856C6D00A0C804 /* Build configuration list for PBXNativeTarget "ToDoListUITests" */ = {
			isa = XCConfigurationList;
			buildConfigurations = (
				AC77150528856C6D00A0C804 /* Debug */,
				AC77150628856C6D00A0C804 /* Release */,
			);
			defaultConfigurationIsVisible = 0;
			defaultConfigurationName = Release;
		};
/* End XCConfigurationList section */

/* Begin XCVersionGroup section */
		AC7714E328856C6D00A0C804 /* ToDoList.xcdatamodeld */ = {
			isa = XCVersionGroup;
			children = (
				AC7714E428856C6D00A0C804 /* ToDoList.xcdatamodel */,
			);
			currentVersion = AC7714E428856C6D00A0C804 /* ToDoList.xcdatamodel */;
			path = ToDoList.xcdatamodeld;
			sourceTree = "<group>";
			versionGroupType = wrapper.xcdatamodel;
		};
/* End XCVersionGroup section */
	};
	rootObject = AC7714CD28856C6B00A0C804 /* Project object */;
}
